{
  "version": 1,
  "dependencies": {
    "net10.0-windows7.0": {
      "CommunityToolkit.Mvvm": {
        "type": "Transitive",
        "resolved": "8.4.0",
        "contentHash": "tqVU8yc/ADO9oiTRyTnwhFN68hCwvkliMierptWOudIAvWY1mWCh5VFh+guwHJmpMwfg0J0rY+yyd5Oy7ty9Uw=="
      },
      "Konscious.Security.Cryptography.Argon2": {
        "type": "Transitive",
        "resolved": "1.3.1",
        "contentHash": "T+OAGwzYYXftahpOxO7J4xA5K6urxwGnWQf3M+Jpi+76Azv/0T3M5SuN+h7/QvXuiqNw3ZEZ5QqVLI5ygDAylw==",
        "dependencies": {
          "Konscious.Security.Cryptography.Blake2": "1.1.1"
        }
      },
      "Konscious.Security.Cryptography.Blake2": {
        "type": "Transitive",
        "resolved": "1.1.1",
        "contentHash": "odwOyzj/J/lHJZNwFWJGU/LRecBShupAJ2S8TQqZfhUe9niHzu/voBYK5wuVKsvSpzbfupKQYZguVyIk1sgOkQ=="
      },
      "Microsoft.Extensions.DependencyInjection.Abstractions": {
        "type": "Transitive",
        "resolved": "10.0.9",
        "contentHash": "g41l/30G3K4B/d/L8kjux0+30e27c8D0FVQ/PFCpbekgfDpj9mnDhieP67EqXWvl1EWNeZh2rpR4F5B/jcDOHA=="
      },
      "System.Security.Cryptography.ProtectedData": {
        "type": "Transitive",
        "resolved": "10.0.9",
        "contentHash": "vXp+vBQbTkMrDzUiPCxo1KvzfaAvZWuSRS2P7e5orhtV7ZuePKAB3Cqc9dH2YHUavRJyA2uWd2yrL6hl2VoJ5g=="
      },
      "heimdall.core": {
        "type": "Project",
        "dependencies": {
          "CommunityToolkit.Mvvm": "[8.4.0, )",
          "Konscious.Security.Cryptography.Argon2": "[1.3.1, )",
          "Microsoft.Extensions.DependencyInjection.Abstractions": "[10.0.9, )",
          "System.Security.Cryptography.ProtectedData": "[10.0.9, )"
        }
      }
    }
  }
}